lockfileVersion: '6.0'

settings:
  autoInstallPeers: true
  excludeLinksFromLockfile: false

dependencies:
  rollup:
    specifier: ^4.9.3
    version: 4.9.3
  typescript:
    specifier: ^5.3.3
    version: 5.3.3

devDependencies:
  '@rollup/plugin-typescript':
    specifier: ^11.1.5
    version: 11.1.5(rollup@4.9.3)(tslib@2.6.2)(typescript@5.3.3)
  '@types/node':
    specifier: ^20.10.6
    version: 20.10.6
  tslib:
    specifier: ^2.6.2
    version: 2.6.2

packages:

  /@rollup/plugin-typescript@11.1.5(rollup@4.9.3)(tslib@2.6.2)(typescript@5.3.3):
    resolution: {integrity: sha512-rnMHrGBB0IUEv69Q8/JGRD/n4/n6b3nfpufUu26axhUcboUzv/twfZU8fIBbTOphRAe0v8EyxzeDpKXqGHfyDA==}
    engines: {node: '>=14.0.0'}
    peerDependencies:
      rollup: ^2.14.0||^3.0.0||^4.0.0
      tslib: '*'
      typescript: '>=3.7.0'
    peerDependenciesMeta:
      rollup:
        optional: true
      tslib:
        optional: true
    dependencies:
      '@rollup/pluginutils': 5.1.0(rollup@4.9.3)
      resolve: 1.22.8
      rollup: 4.9.3
      tslib: 2.6.2
      typescript: 5.3.3
    dev: true

  /@rollup/pluginutils@5.1.0(rollup@4.9.3):
    resolution: {integrity: sha512-XTIWOPPcpvyKI6L1NHo0lFlCyznUEyPmPY1mc3KpPVDYulHSTvyeLNVW00QTLIAFNhR3kYnJTQHeGqU4M3n09g==}
    engines: {node: '>=14.0.0'}
    peerDependencies:
      rollup: ^1.20.0||^2.0.0||^3.0.0||^4.0.0
    peerDependenciesMeta:
      rollup:
        optional: true
    dependencies:
      '@types/estree': 1.0.5
      estree-walker: 2.0.2
      picomatch: 2.3.1
      rollup: 4.9.3
    dev: true

  /@rollup/rollup-android-arm-eabi@4.9.3:
    resolution: {integrity: sha512-nvh9bB41vXEoKKvlWCGptpGt8EhrEwPQFDCY0VAto+R+qpSbaErPS3OjMZuXR8i/2UVw952Dtlnl2JFxH31Qvg==}
    cpu: [arm]
    os: [android]
    requiresBuild: true
    optional: true

  /@rollup/rollup-android-arm64@4.9.3:
    resolution: {integrity: sha512-kffYCJ2RhDL1DlshLzYPyJtVeusHlA8Q1j6k6s4AEVKLq/3HfGa2ADDycLsmPo3OW83r4XtOPqRMbcFzFsEIzQ==}
    cpu: [arm64]
    os: [android]
    requiresBuild: true
    optional: true

  /@rollup/rollup-darwin-arm64@4.9.3:
    resolution: {integrity: sha512-Fo7DR6Q9/+ztTyMBZ79+WJtb8RWZonyCgkBCjV51rW5K/dizBzImTW6HLC0pzmHaAevwM0jW1GtB5LCFE81mSw==}
    cpu: [arm64]
    os: [darwin]
    requiresBuild: true
    optional: true

  /@rollup/rollup-darwin-x64@4.9.3:
    resolution: {integrity: sha512-5HcxDF9fqHucIlTiw/gmMb3Qv23L8bLCg904I74Q2lpl4j/20z9ogaD3tWkeguRuz+/17cuS321PT3PAuyjQdg==}
    cpu: [x64]
    os: [darwin]
    requiresBuild: true
    optional: true

  /@rollup/rollup-linux-arm-gnueabihf@4.9.3:
    resolution: {integrity: sha512-cO6hKV+99D1V7uNJQn1chWaF9EGp7qV2N8sGH99q9Y62bsbN6Il55EwJppEWT+JiqDRg396vWCgwdHwje8itBQ==}
    cpu: [arm]
    os: [linux]
    requiresBuild: true
    optional: true

  /@rollup/rollup-linux-arm64-gnu@4.9.3:
    resolution: {integrity: sha512-xANyq6lVg6KMO8UUs0LjA4q7di3tPpDbzLPgVEU2/F1ngIZ54eli8Zdt3uUUTMXVbgTCafIO+JPeGMhu097i3w==}
    cpu: [arm64]
    os: [linux]
    requiresBuild: true
    optional: true

  /@rollup/rollup-linux-arm64-musl@4.9.3:
    resolution: {integrity: sha512-TZJUfRTugVFATQToCMD8DNV6jv/KpSwhE1lLq5kXiQbBX3Pqw6dRKtzNkh5wcp0n09reBBq/7CGDERRw9KmE+g==}
    cpu: [arm64]
    os: [linux]
    requiresBuild: true
    optional: true

  /@rollup/rollup-linux-riscv64-gnu@4.9.3:
    resolution: {integrity: sha512-4/QVaRyaB5tkEAGfjVvWrmWdPF6F2NoaoO5uEP7N0AyeBw7l8SeCWWKAGrbx/00PUdHrJVURJiYikazslSKttQ==}
    cpu: [riscv64]
    os: [linux]
    requiresBuild: true
    optional: true

  /@rollup/rollup-linux-x64-gnu@4.9.3:
    resolution: {integrity: sha512-koLC6D3pj1YLZSkTy/jsk3HOadp7q2h6VQl/lPX854twOmmLNekHB6yuS+MkWcKdGGdW1JPuPBv/ZYhr5Yhtdg==}
    cpu: [x64]
    os: [linux]
    requiresBuild: true
    optional: true

  /@rollup/rollup-linux-x64-musl@4.9.3:
    resolution: {integrity: sha512-0OAkQ4HBp+JO2ip2Lgt/ShlrveOMzyhwt2D0KvqH28jFPqfZco28KSq76zymZwmU+F6GRojdxtQMJiNSXKNzeA==}
    cpu: [x64]
    os: [linux]
    requiresBuild: true
    optional: true

  /@rollup/rollup-win32-arm64-msvc@4.9.3:
    resolution: {integrity: sha512-z5uvoMvdRWggigOnsb9OOCLERHV0ykRZoRB5O+URPZC9zM3pkoMg5fN4NKu2oHqgkzZtfx9u4njqqlYEzM1v9A==}
    cpu: [arm64]
    os: [win32]
    requiresBuild: true
    optional: true

  /@rollup/rollup-win32-ia32-msvc@4.9.3:
    resolution: {integrity: sha512-wxomCHjBVKws+O4N1WLnniKCXu7vkLtdq9Fl9CN/EbwEldojvUrkoHE/fBLZzC7IT/x12Ut6d6cRs4dFvqJkMg==}
    cpu: [ia32]
    os: [win32]
    requiresBuild: true
    optional: true

  /@rollup/rollup-win32-x64-msvc@4.9.3:
    resolution: {integrity: sha512-1Qf/qk/iEtx0aOi+AQQt5PBoW0mFngsm7bPuxHClC/hWh2hHBktR6ktSfUg5b5rC9v8hTwNmHE7lBWXkgqluUQ==}
    cpu: [x64]
    os: [win32]
    requiresBuild: true
    optional: true

  /@types/estree@1.0.5:
    resolution: {integrity: sha512-/kYRxGDLWzHOB7q+wtSUQlFrtcdUccpfy+X+9iMBpHK8QLLhx2wIPYuS5DYtR9Wa/YlZAbIovy7qVdB1Aq6Lyw==}

  /@types/node@20.10.6:
    resolution: {integrity: sha512-Vac8H+NlRNNlAmDfGUP7b5h/KA+AtWIzuXy0E6OyP8f1tCLYAtPvKRRDJjAPqhpCb0t6U2j7/xqAuLEebW2kiw==}
    dependencies:
      undici-types: 5.26.5
    dev: true

  /estree-walker@2.0.2:
    resolution: {integrity: sha512-Rfkk/Mp/DL7JVje3u18FxFujQlTNR2q6QfMSMB7AvCBx91NGj/ba3kCfza0f6dVDbw7YlRf/nDrn7pQrCCyQ/w==}
    dev: true

  /fsevents@2.3.3:
    resolution: {integrity: sha512-5xoDfX+fL7faATnagmWPpbFtwh/R77WmMMqqHGS65C3vvB0YHrgF+B1YmZ3441tMj5n63k0212XNoJwzlhffQw==}
    engines: {node: ^8.16.0 || ^10.6.0 || >=11.0.0}
    os: [darwin]
    requiresBuild: true
    optional: true

  /function-bind@1.1.2:
    resolution: {integrity: sha512-7XHNxH7qX9xG5mIwxkhumTox/MIRNcOgDrxWsMt2pAr23WHp6MrRlN7FBSFpCpr+oVO0F744iUgR82nJMfG2SA==}
    dev: true

  /hasown@2.0.0:
    resolution: {integrity: sha512-vUptKVTpIJhcczKBbgnS+RtcuYMB8+oNzPK2/Hp3hanz8JmpATdmmgLgSaadVREkDm+e2giHwY3ZRkyjSIDDFA==}
    engines: {node: '>= 0.4'}
    dependencies:
      function-bind: 1.1.2
    dev: true

  /is-core-module@2.13.1:
    resolution: {integrity: sha512-hHrIjvZsftOsvKSn2TRYl63zvxsgE0K+0mYMoH6gD4omR5IWB2KynivBQczo3+wF1cCkjzvptnI9Q0sPU66ilw==}
    dependencies:
      hasown: 2.0.0
    dev: true

  /path-parse@1.0.7:
    resolution: {integrity: sha512-LDJzPVEEEPR+y48z93A0Ed0yXb8pAByGWo/k5YYdYgpY2/2EsOsksJrq7lOHxryrVOn1ejG6oAp8ahvOIQD8sw==}
    dev: true

  /picomatch@2.3.1:
    resolution: {integrity: sha512-JU3teHTNjmE2VCGFzuY8EXzCDVwEqB2a8fsIvwaStHhAWJEeVd1o1QD80CU6+ZdEXXSLbSsuLwJjkCBWqRQUVA==}
    engines: {node: '>=8.6'}
    dev: true

  /resolve@1.22.8:
    resolution: {integrity: sha512-oKWePCxqpd6FlLvGV1VU0x7bkPmmCNolxzjMf4NczoDnQcIWrAF+cPtZn5i6n+RfD2d9i0tzpKnG6Yk168yIyw==}
    hasBin: true
    dependencies:
      is-core-module: 2.13.1
      path-parse: 1.0.7
      supports-preserve-symlinks-flag: 1.0.0
    dev: true

  /rollup@4.9.3:
    resolution: {integrity: sha512-JnchF0ZGFiqGpAPjg3e89j656Ne4tTtCY1VZc1AxtoQcRIxjTu9jyYHBAtkDXE+X681n4un/nX9SU52AroSRzg==}
    engines: {node: '>=18.0.0', npm: '>=8.0.0'}
    hasBin: true
    dependencies:
      '@types/estree': 1.0.5
    optionalDependencies:
      '@rollup/rollup-android-arm-eabi': 4.9.3
      '@rollup/rollup-android-arm64': 4.9.3
      '@rollup/rollup-darwin-arm64': 4.9.3
      '@rollup/rollup-darwin-x64': 4.9.3
      '@rollup/rollup-linux-arm-gnueabihf': 4.9.3
      '@rollup/rollup-linux-arm64-gnu': 4.9.3
      '@rollup/rollup-linux-arm64-musl': 4.9.3
      '@rollup/rollup-linux-riscv64-gnu': 4.9.3
      '@rollup/rollup-linux-x64-gnu': 4.9.3
      '@rollup/rollup-linux-x64-musl': 4.9.3
      '@rollup/rollup-win32-arm64-msvc': 4.9.3
      '@rollup/rollup-win32-ia32-msvc': 4.9.3
      '@rollup/rollup-win32-x64-msvc': 4.9.3
      fsevents: 2.3.3

  /supports-preserve-symlinks-flag@1.0.0:
    resolution: {integrity: sha512-ot0WnXS9fgdkgIcePe6RHNk1WA8+muPa6cSjeR3V8K27q9BB1rTE3R1p7Hv0z1ZyAc8s6Vvv8DIyWf681MAt0w==}
    engines: {node: '>= 0.4'}
    dev: true

  /tslib@2.6.2:
    resolution: {integrity: sha512-AEYxH93jGFPn/a2iVAwW87VuUIkR1FVUKB77NwMF7nBTDkDrrT/Hpt/IrCJ0QXhW27jTBDcf5ZY7w6RiqTMw2Q==}
    dev: true

  /typescript@5.3.3:
    resolution: {integrity: sha512-pXWcraxM0uxAS+tN0AG/BF2TyqmHO014Z070UsJ+pFvYuRSq8KH8DmWpnbXe0pEPDHXZV3FcAbJkijJ5oNEnWw==}
    engines: {node: '>=14.17'}
    hasBin: true

  /undici-types@5.26.5:
    resolution: {integrity: sha512-JlCMO+ehdEIKqlFxk6IfVoAUVmgz7cU7zD/h9XZ0qzeosSHmUJVOzSQvvYSYWXkFXC+IfLKSIffhv0sVZup6pA==}
    dev: true
